
Microsoft Visual Studio Solution File, Format Version 12.00
# Visual Studio Version 16
VisualStudioVersion = 16.0.30804.86
MinimumVisualStudioVersion = 10.0.40219.1
Project("{FAE04EC0-301F-11D3-BF4B-00C04F79EFBC}") = "ProcessGateway", "ProcessGateway\ProcessGateway.csproj", "{290118FB-3A32-4BE9-9B78-A16F2FC3DA62}"
EndProject
Global
	GlobalSection(SolutionConfigurationPlatforms) = preSolution
		Debug|Any CPU = Debug|Any CPU
		Release|Any CPU = Release|Any CPU
	EndGlobalSection
	GlobalSection(ProjectConfigurationPlatforms) = postSolution
		{290118FB-3A32-4BE9-9B78-A16F2FC3DA62}.Debug|Any CPU.ActiveCfg = Debug|Any CPU
		{290118FB-3A32-4BE9-9B78-A16F2FC3DA62}.Debug|Any CPU.Build.0 = Debug|Any CPU
		{290118FB-3A32-4BE9-9B78-A16F2FC3DA62}.Release|Any CPU.ActiveCfg = Release|Any CPU
		{290118FB-3A32-4BE9-9B78-A16F2FC3DA62}.Release|Any CPU.Build.0 = Release|Any CPU
	EndGlobalSection
	GlobalSection(SolutionProperties) = preSolution
		HideSolutionNode = FALSE
	EndGlobalSection
	GlobalSection(ExtensibilityGlobals) = postSolution
		SolutionGuid = {EFC2D253-385A-4442-A286-1714488EC60D}
	EndGlobalSection
EndGlobal
